// !$*UTF8*$!
{
	archiveVersion = 1;
	classes = {
	};
	objectVersion = 50;
	objects = {

/* Begin PBXBuildFile section */
		324A89EC2553D0D90001F8A2 /* AppDelegate.swift in Sources */ = {isa = PBXBuildFile; fileRef = 324A89EB2553D0D90001F8A2 /* AppDelegate.swift */; };
		324A89EE2553D0D90001F8A2 /* SceneDelegate.swift in Sources */ = {isa = PBXBuildFile; fileRef = 324A89ED2553D0D90001F8A2 /* SceneDelegate.swift */; };
		324A89F02553D0D90001F8A2 /* HomeViewController.swift in Sources */ = {isa = PBXBuildFile; fileRef = 324A89EF2553D0D90001F8A2 /* HomeViewController.swift */; };
		324A89F32553D0D90001F8A2 /* Main.storyboard in Resources */ = {isa = PBXBuildFile; fileRef = 324A89F12553D0D90001F8A2 /* Main.storyboard */; };
		324A89F52553D0DD0001F8A2 /* Assets.xcassets in Resources */ = {isa = PBXBuildFile; fileRef = 324A89F42553D0DD0001F8A2 /* Assets.xcassets */; };
		324A89F82553D0DD0001F8A2 /* LaunchScreen.storyboard in Resources */ = {isa = PBXBuildFile; fileRef = 324A89F62553D0DD0001F8A2 /* LaunchScreen.storyboard */; };
		324A8A012553D64B0001F8A2 /* CustomColor+UIColor.swift in Sources */ = {isa = PBXBuildFile; fileRef = 324A8A002553D64B0001F8A2 /* CustomColor+UIColor.swift */; };
		324A8A0525552A120001F8A2 /* SetUp+HomeViewController.swift in Sources */ = {isa = PBXBuildFile; fileRef = 324A8A0425552A120001F8A2 /* SetUp+HomeViewController.swift */; };
		3261AB3A255C381C007DBC59 /* CatsViewController.swift in Sources */ = {isa = PBXBuildFile; fileRef = 3261AB39255C381C007DBC59 /* CatsViewController.swift */; };
		3261AB47255CF4FF007DBC59 /* FaceDetection+Cat.swift in Sources */ = {isa = PBXBuildFile; fileRef = 3261AB46255CF4FF007DBC59 /* FaceDetection+Cat.swift */; };
		3261AB4A255CF64F007DBC59 /* UIImage+Orientation.swift in Sources */ = {isa = PBXBuildFile; fileRef = 3261AB49255CF64F007DBC59 /* UIImage+Orientation.swift */; };
		32DD9BA425603B6000BD9155 /* CatClassification+Cat.swift in Sources */ = {isa = PBXBuildFile; fileRef = 32DD9BA325603B6000BD9155 /* CatClassification+Cat.swift */; };
		32DD9BA8256104EC00BD9155 /* PostProcessing+Cat.swift in Sources */ = {isa = PBXBuildFile; fileRef = 32DD9BA7256104EC00BD9155 /* PostProcessing+Cat.swift */; };
		32DD9BAB2561548000BD9155 /* PreviewViewController.swift in Sources */ = {isa = PBXBuildFile; fileRef = 32DD9BAA2561548000BD9155 /* PreviewViewController.swift */; };
		32E50C5D256959270049D116 /* Degrees+CGAffineTransform.swift in Sources */ = {isa = PBXBuildFile; fileRef = 32E50C5C256959270049D116 /* Degrees+CGAffineTransform.swift */; };
		32E50C63256A45F20049D116 /* Reactions 3.mlmodel in Sources */ = {isa = PBXBuildFile; fileRef = 32E50C62256A45F10049D116 /* Reactions 3.mlmodel */; };
/* End PBXBuildFile section */

/* Begin PBXFileReference section */
		324A89E82553D0D90001F8A2 /* I'm Cat.app */ = {isa = PBXFileReference; explicitFileType = wrapper.application; includeInIndex = 0; path = "I'm Cat.app"; sourceTree = BUILT_PRODUCTS_DIR; };
		324A89EB2553D0D90001F8A2 /* AppDelegate.swift */ = {isa = PBXFileReference; lastKnownFileType = sourcecode.swift; path = AppDelegate.swift; sourceTree = "<group>"; };
		324A89ED2553D0D90001F8A2 /* SceneDelegate.swift */ = {isa = PBXFileReference; lastKnownFileType = sourcecode.swift; path = SceneDelegate.swift; sourceTree = "<group>"; };
		324A89EF2553D0D90001F8A2 /* HomeViewController.swift */ = {isa = PBXFileReference; lastKnownFileType = sourcecode.swift; path = HomeViewController.swift; sourceTree = "<group>"; };
		324A89F22553D0D90001F8A2 /* Base */ = {isa = PBXFileReference; lastKnownFileType = file.storyboard; name = Base; path = Base.lproj/Main.storyboard; sourceTree = "<group>"; };
		324A89F42553D0DD0001F8A2 /* Assets.xcassets */ = {isa = PBXFileReference; lastKnownFileType = folder.assetcatalog; path = Assets.xcassets; sourceTree = "<group>"; };
		324A89F72553D0DD0001F8A2 /* Base */ = {isa = PBXFileReference; lastKnownFileType = file.storyboard; name = Base; path = Base.lproj/LaunchScreen.storyboard; sourceTree = "<group>"; };
		324A89F92553D0DD0001F8A2 /* Info.plist */ = {isa = PBXFileReference; lastKnownFileType = text.plist.xml; path = Info.plist; sourceTree = "<group>"; };
		324A8A002553D64B0001F8A2 /* CustomColor+UIColor.swift */ = {isa = PBXFileReference; lastKnownFileType = sourcecode.swift; path = "CustomColor+UIColor.swift"; sourceTree = "<group>"; };
		324A8A0425552A120001F8A2 /* SetUp+HomeViewController.swift */ = {isa = PBXFileReference; lastKnownFileType = sourcecode.swift; path = "SetUp+HomeViewController.swift"; sourceTree = "<group>"; };
		3261AB39255C381C007DBC59 /* CatsViewController.swift */ = {isa = PBXFileReference; lastKnownFileType = sourcecode.swift; path = CatsViewController.swift; sourceTree = "<group>"; };
		3261AB46255CF4FF007DBC59 /* FaceDetection+Cat.swift */ = {isa = PBXFileReference; lastKnownFileType = sourcecode.swift; path = "FaceDetection+Cat.swift"; sourceTree = "<group>"; };
		3261AB49255CF64F007DBC59 /* UIImage+Orientation.swift */ = {isa = PBXFileReference; fileEncoding = 4; lastKnownFileType = sourcecode.swift; path = "UIImage+Orientation.swift"; sourceTree = "<group>"; };
		32DD9BA325603B6000BD9155 /* CatClassification+Cat.swift */ = {isa = PBXFileReference; lastKnownFileType = sourcecode.swift; path = "CatClassification+Cat.swift"; sourceTree = "<group>"; };
		32DD9BA7256104EC00BD9155 /* PostProcessing+Cat.swift */ = {isa = PBXFileReference; lastKnownFileType = sourcecode.swift; path = "PostProcessing+Cat.swift"; sourceTree = "<group>"; };
		32DD9BAA2561548000BD9155 /* PreviewViewController.swift */ = {isa = PBXFileReference; lastKnownFileType = sourcecode.swift; path = PreviewViewController.swift; sourceTree = "<group>"; };
		32E50C5C256959270049D116 /* Degrees+CGAffineTransform.swift */ = {isa = PBXFileReference; lastKnownFileType = sourcecode.swift; path = "Degrees+CGAffineTransform.swift"; sourceTree = "<group>"; };
		32E50C62256A45F10049D116 /* Reactions 3.mlmodel */ = {isa = PBXFileReference; lastKnownFileType = file.mlmodel; path = "Reactions 3.mlmodel"; sourceTree = "<group>"; };
/* End PBXFileReference section */

/* Begin PBXFrameworksBuildPhase section */
		324A89E52553D0D90001F8A2 /* Frameworks */ = {
			isa = PBXFrameworksBuildPhase;
			buildActionMask = 2147483647;
			files = (
			);
			runOnlyForDeploymentPostprocessing = 0;
		};
/* End PBXFrameworksBuildPhase section */

/* Begin PBXGroup section */
		324A89DF2553D0D90001F8A2 = {
			isa = PBXGroup;
			children = (
				324A89EA2553D0D90001F8A2 /* I'm Cat */,
				324A89E92553D0D90001F8A2 /* Products */,
			);
			sourceTree = "<group>";
		};
		324A89E92553D0D90001F8A2 /* Products */ = {
			isa = PBXGroup;
			children = (
				324A89E82553D0D90001F8A2 /* I'm Cat.app */,
			);
			name = Products;
			sourceTree = "<group>";
		};
		324A89EA2553D0D90001F8A2 /* I'm Cat */ = {
			isa = PBXGroup;
			children = (
				324A89EB2553D0D90001F8A2 /* AppDelegate.swift */,
				324A89ED2553D0D90001F8A2 /* SceneDelegate.swift */,
				32E50C5F25695E320049D116 /* Support Files */,
				32DD9BAA2561548000BD9155 /* PreviewViewController.swift */,
				3261AB41255CEF46007DBC59 /* Cat View Controller */,
				324A8A03255529F60001F8A2 /* Home View Controller */,
				324A89F12553D0D90001F8A2 /* Main.storyboard */,
				324A89F42553D0DD0001F8A2 /* Assets.xcassets */,
				32E50C62256A45F10049D116 /* Reactions 3.mlmodel */,
				324A89F62553D0DD0001F8A2 /* LaunchScreen.storyboard */,
				324A89F92553D0DD0001F8A2 /* Info.plist */,
			);
			path = "I'm Cat";
			sourceTree = "<group>";
		};
		324A8A03255529F60001F8A2 /* Home View Controller */ = {
			isa = PBXGroup;
			children = (
				324A89EF2553D0D90001F8A2 /* HomeViewController.swift */,
				324A8A0425552A120001F8A2 /* SetUp+HomeViewController.swift */,
			);
			path = "Home View Controller";
			sourceTree = "<group>";
		};
		3261AB41255CEF46007DBC59 /* Cat View Controller */ = {
			isa = PBXGroup;
			children = (
				3261AB39255C381C007DBC59 /* CatsViewController.swift */,
				3261AB46255CF4FF007DBC59 /* FaceDetection+Cat.swift */,
				32DD9BA325603B6000BD9155 /* CatClassification+Cat.swift */,
				32DD9BA7256104EC00BD9155 /* PostProcessing+Cat.swift */,
			);
			path = "Cat View Controller";
			sourceTree = "<group>";
		};
		32E50C5F25695E320049D116 /* Support Files */ = {
			isa = PBXGroup;
			children = (
				324A8A002553D64B0001F8A2 /* CustomColor+UIColor.swift */,
				3261AB49255CF64F007DBC59 /* UIImage+Orientation.swift */,
				32E50C5C256959270049D116 /* Degrees+CGAffineTransform.swift */,
			);
			path = "Support Files";
			sourceTree = "<group>";
		};
/* End PBXGroup section */

/* Begin PBXNativeTarget section */
		324A89E72553D0D90001F8A2 /* I'm Cat */ = {
			isa = PBXNativeTarget;
			buildConfigurationList = 324A89FC2553D0DD0001F8A2 /* Build configuration list for PBXNativeTarget "I'm Cat" */;
			buildPhases = (
				324A89E42553D0D90001F8A2 /* Sources */,
				324A89E52553D0D90001F8A2 /* Frameworks */,
				324A89E62553D0D90001F8A2 /* Resources */,
			);
			buildRules = (
			);
			dependencies = (
			);
			name = "I'm Cat";
			productName = "I'm Cat";
			productReference = 324A89E82553D0D90001F8A2 /* I'm Cat.app */;
			productType = "com.apple.product-type.application";
		};
/* End PBXNativeTarget section */

/* Begin PBXProject section */
		324A89E02553D0D90001F8A2 /* Project object */ = {
			isa = PBXProject;
			attributes = {
				LastSwiftUpdateCheck = 1220;
				LastUpgradeCheck = 1220;
				TargetAttributes = {
					324A89E72553D0D90001F8A2 = {
						CreatedOnToolsVersion = 12.2;
					};
				};
			};
			buildConfigurationList = 324A89E32553D0D90001F8A2 /* Build configuration list for PBXProject "I'm Cat" */;
			compatibilityVersion = "Xcode 9.3";
			developmentRegion = en;
			hasScannedForEncodings = 0;
			knownRegions = (
				en,
				Base,
			);
			mainGroup = 324A89DF2553D0D90001F8A2;
			productRefGroup = 324A89E92553D0D90001F8A2 /* Products */;
			projectDirPath = "";
			projectRoot = "";
			targets = (
				324A89E72553D0D90001F8A2 /* I'm Cat */,
			);
		};
/* End PBXProject section */

/* Begin PBXResourcesBuildPhase section */
		324A89E62553D0D90001F8A2 /* Resources */ = {
			isa = PBXResourcesBuildPhase;
			buildActionMask = 2147483647;
			files = (
				324A89F82553D0DD0001F8A2 /* LaunchScreen.storyboard in Resources */,
				324A89F52553D0DD0001F8A2 /* Assets.xcassets in Resources */,
				324A89F32553D0D90001F8A2 /* Main.storyboard in Resources */,
			);
			runOnlyForDeploymentPostprocessing = 0;
		};
/* End PBXResourcesBuildPhase section */

/* Begin PBXSourcesBuildPhase section */
		324A89E42553D0D90001F8A2 /* Sources */ = {
			isa = PBXSourcesBuildPhase;
			buildActionMask = 2147483647;
			files = (
				324A89F02553D0D90001F8A2 /* HomeViewController.swift in Sources */,
				324A8A0525552A120001F8A2 /* SetUp+HomeViewController.swift in Sources */,
				324A89EC2553D0D90001F8A2 /* AppDelegate.swift in Sources */,
				3261AB3A255C381C007DBC59 /* CatsViewController.swift in Sources */,
				3261AB4A255CF64F007DBC59 /* UIImage+Orientation.swift in Sources */,
				32E50C63256A45F20049D116 /* Reactions 3.mlmodel in Sources */,
				32DD9BA8256104EC00BD9155 /* PostProcessing+Cat.swift in Sources */,
				32E50C5D256959270049D116 /* Degrees+CGAffineTransform.swift in Sources */,
				3261AB47255CF4FF007DBC59 /* FaceDetection+Cat.swift in Sources */,
				324A8A012553D64B0001F8A2 /* CustomColor+UIColor.swift in Sources */,
				324A89EE2553D0D90001F8A2 /* SceneDelegate.swift in Sources */,
				32DD9BA425603B6000BD9155 /* CatClassification+Cat.swift in Sources */,
				32DD9BAB2561548000BD9155 /* PreviewViewController.swift in Sources */,
			);
			runOnlyForDeploymentPostprocessing = 0;
		};
/* End PBXSourcesBuildPhase section */

/* Begin PBXVariantGroup section */
		324A89F12553D0D90001F8A2 /* Main.storyboard */ = {
			isa = PBXVariantGroup;
			children = (
				324A89F22553D0D90001F8A2 /* Base */,
			);
			name = Main.storyboard;
			sourceTree = "<group>";
		};
		324A89F62553D0DD0001F8A2 /* LaunchScreen.storyboard */ = {
			isa = PBXVariantGroup;
			children = (
				324A89F72553D0DD0001F8A2 /* Base */,
			);
			name = LaunchScreen.storyboard;
			sourceTree = "<group>";
		};
/* End PBXVariantGroup section */

/* Begin XCBuildConfiguration section */
		324A89FA2553D0DD0001F8A2 /* Debug */ = {
			isa = XCBuildConfiguration;
			buildSettings = {
				ALWAYS_SEARCH_USER_PATHS = NO;
				CLANG_ANALYZER_NONNULL = YES;
				CLANG_ANALYZER_NUMBER_OBJECT_CONVERSION = YES_AGGRESSIVE;
				CLANG_CXX_LANGUAGE_STANDARD = "gnu++14";
				CLANG_CXX_LIBRARY = "libc++";
				CLANG_ENABLE_MODULES = YES;
				CLANG_ENABLE_OBJC_ARC = YES;
				CLANG_ENABLE_OBJC_WEAK = YES;
				CLANG_WARN_BLOCK_CAPTURE_AUTORELEASING = YES;
				CLANG_WARN_BOOL_CONVERSION = YES;
				CLANG_WARN_COMMA = YES;
				CLANG_WARN_CONSTANT_CONVERSION = YES;
				CLANG_WARN_DEPRECATED_OBJC_IMPLEMENTATIONS = YES;
				CLANG_WARN_DIRECT_OBJC_ISA_USAGE = YES_ERROR;
				CLANG_WARN_DOCUMENTATION_COMMENTS = YES;
				CLANG_WARN_EMPTY_BODY = YES;
				CLANG_WARN_ENUM_CONVERSION = YES;
				CLANG_WARN_INFINITE_RECURSION = YES;
				CLANG_WARN_INT_CONVERSION = YES;
				CLANG_WARN_NON_LITERAL_NULL_CONVERSION = YES;
				CLANG_WARN_OBJC_IMPLICIT_RETAIN_SELF = YES;
				CLANG_WARN_OBJC_LITERAL_CONVERSION = YES;
				CLANG_WARN_OBJC_ROOT_CLASS = YES_ERROR;
				CLANG_WARN_QUOTED_INCLUDE_IN_FRAMEWORK_HEADER = YES;
				CLANG_WARN_RANGE_LOOP_ANALYSIS = YES;
				CLANG_WARN_STRICT_PROTOTYPES = YES;
				CLANG_WARN_SUSPICIOUS_MOVE = YES;
				CLANG_WARN_UNGUARDED_AVAILABILITY = YES_AGGRESSIVE;
				CLANG_WARN_UNREACHABLE_CODE = YES;
				CLANG_WARN__DUPLICATE_METHOD_MATCH = YES;
				COPY_PHASE_STRIP = NO;
				DEBUG_INFORMATION_FORMAT = dwarf;
				ENABLE_STRICT_OBJC_MSGSEND = YES;
				ENABLE_TESTABILITY = YES;
				GCC_C_LANGUAGE_STANDARD = gnu11;
				GCC_DYNAMIC_NO_PIC = NO;
				GCC_NO_COMMON_BLOCKS = YES;
				GCC_OPTIMIZATION_LEVEL = 0;
				GCC_PREPROCESSOR_DEFINITIONS = (
					"DEBUG=1",
					"$(inherited)",
				);
				GCC_WARN_64_TO_32_BIT_CONVERSION = YES;
				GCC_WARN_ABOUT_RETURN_TYPE = YES_ERROR;
				GCC_WARN_UNDECLARED_SELECTOR = YES;
				GCC_WARN_UNINITIALIZED_AUTOS = YES_AGGRESSIVE;
				GCC_WARN_UNUSED_FUNCTION = YES;
				GCC_WARN_UNUSED_VARIABLE = YES;
				IPHONEOS_DEPLOYMENT_TARGET = 14.2;
				MTL_ENABLE_DEBUG_INFO = INCLUDE_SOURCE;
				MTL_FAST_MATH = YES;
				ONLY_ACTIVE_ARCH = YES;
				SDKROOT = iphoneos;
				SWIFT_ACTIVE_COMPILATION_CONDITIONS = DEBUG;
				SWIFT_OPTIMIZATION_LEVEL = "-Onone";
			};
			name = Debug;
		};
		324A89FB2553D0DD0001F8A2 /* Release */ = {
			isa = XCBuildConfiguration;
			buildSettings = {
				ALWAYS_SEARCH_USER_PATHS = NO;
				CLANG_ANALYZER_NONNULL = YES;
				CLANG_ANALYZER_NUMBER_OBJECT_CONVERSION = YES_AGGRESSIVE;
				CLANG_CXX_LANGUAGE_STANDARD = "gnu++14";
				CLANG_CXX_LIBRARY = "libc++";
				CLANG_ENABLE_MODULES = YES;
				CLANG_ENABLE_OBJC_ARC = YES;
				CLANG_ENABLE_OBJC_WEAK = YES;
				CLANG_WARN_BLOCK_CAPTURE_AUTORELEASING = YES;
				CLANG_WARN_BOOL_CONVERSION = YES;
				CLANG_WARN_COMMA = YES;
				CLANG_WARN_CONSTANT_CONVERSION = YES;
				CLANG_WARN_DEPRECATED_OBJC_IMPLEMENTATIONS = YES;
				CLANG_WARN_DIRECT_OBJC_ISA_USAGE = YES_ERROR;
				CLANG_WARN_DOCUMENTATION_COMMENTS = YES;
				CLANG_WARN_EMPTY_BODY = YES;
				CLANG_WARN_ENUM_CONVERSION = YES;
				CLANG_WARN_INFINITE_RECURSION = YES;
				CLANG_WARN_INT_CONVERSION = YES;
				CLANG_WARN_NON_LITERAL_NULL_CONVERSION = YES;
				CLANG_WARN_OBJC_IMPLICIT_RETAIN_SELF = YES;
				CLANG_WARN_OBJC_LITERAL_CONVERSION = YES;
				CLANG_WARN_OBJC_ROOT_CLASS = YES_ERROR;
				CLANG_WARN_QUOTED_INCLUDE_IN_FRAMEWORK_HEADER = YES;
				CLANG_WARN_RANGE_LOOP_ANALYSIS = YES;
				CLANG_WARN_STRICT_PROTOTYPES = YES;
				CLANG_WARN_SUSPICIOUS_MOVE = YES;
				CLANG_WARN_UNGUARDED_AVAILABILITY = YES_AGGRESSIVE;
				CLANG_WARN_UNREACHABLE_CODE = YES;
				CLANG_WARN__DUPLICATE_METHOD_MATCH = YES;
				COPY_PHASE_STRIP = NO;
				DEBUG_INFORMATION_FORMAT = "dwarf-with-dsym";
				ENABLE_NS_ASSERTIONS = NO;
				ENABLE_STRICT_OBJC_MSGSEND = YES;
				GCC_C_LANGUAGE_STANDARD = gnu11;
				GCC_NO_COMMON_BLOCKS = YES;
				GCC_WARN_64_TO_32_BIT_CONVERSION = YES;
				GCC_WARN_ABOUT_RETURN_TYPE = YES_ERROR;
				GCC_WARN_UNDECLARED_SELECTOR = YES;
				GCC_WARN_UNINITIALIZED_AUTOS = YES_AGGRESSIVE;
				GCC_WARN_UNUSED_FUNCTION = YES;
				GCC_WARN_UNUSED_VARIABLE = YES;
				IPHONEOS_DEPLOYMENT_TARGET = 14.2;
				MTL_ENABLE_DEBUG_INFO = NO;
				MTL_FAST_MATH = YES;
				SDKROOT = iphoneos;
				SWIFT_COMPILATION_MODE = wholemodule;
				SWIFT_OPTIMIZATION_LEVEL = "-O";
				VALIDATE_PRODUCT = YES;
			};
			name = Release;
		};
		324A89FD2553D0DD0001F8A2 /* Debug */ = {
			isa = XCBuildConfiguration;
			buildSettings = {
				ASSETCATALOG_COMPILER_APPICON_NAME = AppIcon;
				ASSETCATALOG_COMPILER_GLOBAL_ACCENT_COLOR_NAME = AccentColor;
				CODE_SIGN_STYLE = Automatic;
				DEVELOPMENT_TEAM = XL5JK4F896;
				INFOPLIST_FILE = "I'm Cat/Info.plist";
				LD_RUNPATH_SEARCH_PATHS = (
					"$(inherited)",
					"@executable_path/Frameworks",
				);
				PRODUCT_BUNDLE_IDENTIFIER = jiachen.cat;
				PRODUCT_NAME = "$(TARGET_NAME)";
				SWIFT_VERSION = 5.0;
				TARGETED_DEVICE_FAMILY = "1,2";
			};
			name = Debug;
		};
		324A89FE2553D0DD0001F8A2 /* Release */ = {
			isa = XCBuildConfiguration;
			buildSettings = {
				ASSETCATALOG_COMPILER_APPICON_NAME = AppIcon;
				ASSETCATALOG_COMPILER_GLOBAL_ACCENT_COLOR_NAME = AccentColor;
				CODE_SIGN_STYLE = Automatic;
				DEVELOPMENT_TEAM = XL5JK4F896;
				INFOPLIST_FILE = "I'm Cat/Info.plist";
				LD_RUNPATH_SEARCH_PATHS = (
					"$(inherited)",
					"@executable_path/Frameworks",
				);
				PRODUCT_BUNDLE_IDENTIFIER = jiachen.cat;
				PRODUCT_NAME = "$(TARGET_NAME)";
				SWIFT_VERSION = 5.0;
				TARGETED_DEVICE_FAMILY = "1,2";
			};
			name = Release;
		};
/* End XCBuildConfiguration section */

/* Begin XCConfigurationList section */
		324A89E32553D0D90001F8A2 /* Build configuration list for PBXProject "I'm Cat" */ = {
			isa = XCConfigurationList;
			buildConfigurations = (
				324A89FA2553D0DD0001F8A2 /* Debug */,
				324A89FB2553D0DD0001F8A2 /* Release */,
			);
			defaultConfigurationIsVisible = 0;
			defaultConfigurationName = Release;
		};
		324A89FC2553D0DD0001F8A2 /* Build configuration list for PBXNativeTarget "I'm Cat" */ = {
			isa = XCConfigurationList;
			buildConfigurations = (
				324A89FD2553D0DD0001F8A2 /* Debug */,
				324A89FE2553D0DD0001F8A2 /* Release */,
			);
			defaultConfigurationIsVisible = 0;
			defaultConfigurationName = Release;
		};
/* End XCConfigurationList section */
	};
	rootObject = 324A89E02553D0D90001F8A2 /* Project object */;
}
